
Microsoft Visual Studio Solution File, Format Version 12.00
# Visual Studio 15
VisualStudioVersion = 15.0.26124.0
MinimumVisualStudioVersion = 15.0.26124.0
Project("{FAE04EC0-301F-11D3-BF4B-00C04F79EFBC}") = "PaymentContext.Domain", "PaymentContext.Domain\PaymentContext.Domain.csproj", "{6E2E01C2-160B-4D59-BCF6-105B98134F84}"
EndProject
Project("{FAE04EC0-301F-11D3-BF4B-00C04F79EFBC}") = "PaymentContext.Shared", "PaymentContext.Shared\PaymentContext.Shared.csproj", "{00C70D5B-28CB-4476-957A-C422E277AE97}"
EndProject
Project("{FAE04EC0-301F-11D3-BF4B-00C04F79EFBC}") = "PaymentContext.Tests", "PaymentContext.Tests\PaymentContext.Tests.csproj", "{B7F7C5AE-B504-4006-9AAB-ED02EC77BAC5}"
EndProject
Global
	GlobalSection(SolutionConfigurationPlatforms) = preSolution
		Debug|Any CPU = Debug|Any CPU
		Debug|x64 = Debug|x64
		Debug|x86 = Debug|x86
		Release|Any CPU = Release|Any CPU
		Release|x64 = Release|x64
		Release|x86 = Release|x86
	EndGlobalSection
	GlobalSection(SolutionProperties) = preSolution
		HideSolutionNode = FALSE
	EndGlobalSection
	GlobalSection(ProjectConfigurationPlatforms) = postSolution
		{6E2E01C2-160B-4D59-BCF6-105B98134F84}.Debug|Any CPU.ActiveCfg = Debug|Any CPU
		{6E2E01C2-160B-4D59-BCF6-105B98134F84}.Debug|Any CPU.Build.0 = Debug|Any CPU
		{6E2E01C2-160B-4D59-BCF6-105B98134F84}.Debug|x64.ActiveCfg = Debug|Any CPU
		{6E2E01C2-160B-4D59-BCF6-105B98134F84}.Debug|x64.Build.0 = Debug|Any CPU
		{6E2E01C2-160B-4D59-BCF6-105B98134F84}.Debug|x86.ActiveCfg = Debug|Any CPU
		{6E2E01C2-160B-4D59-BCF6-105B98134F84}.Debug|x86.Build.0 = Debug|Any CPU
		{6E2E01C2-160B-4D59-BCF6-105B98134F84}.Release|Any CPU.ActiveCfg = Release|Any CPU
		{6E2E01C2-160B-4D59-BCF6-105B98134F84}.Release|Any CPU.Build.0 = Release|Any CPU
		{6E2E01C2-160B-4D59-BCF6-105B98134F84}.Release|x64.ActiveCfg = Release|Any CPU
		{6E2E01C2-160B-4D59-BCF6-105B98134F84}.Release|x64.Build.0 = Release|Any CPU
		{6E2E01C2-160B-4D59-BCF6-105B98134F84}.Release|x86.ActiveCfg = Release|Any CPU
		{6E2E01C2-160B-4D59-BCF6-105B98134F84}.Release|x86.Build.0 = Release|Any CPU
		{00C70D5B-28CB-4476-957A-C422E277AE97}.Debug|Any CPU.ActiveCfg = Debug|Any CPU
		{00C70D5B-28CB-4476-957A-C422E277AE97}.Debug|Any CPU.Build.0 = Debug|Any CPU
		{00C70D5B-28CB-4476-957A-C422E277AE97}.Debug|x64.ActiveCfg = Debug|Any CPU
		{00C70D5B-28CB-4476-957A-C422E277AE97}.Debug|x64.Build.0 = Debug|Any CPU
		{00C70D5B-28CB-4476-957A-C422E277AE97}.Debug|x86.ActiveCfg = Debug|Any CPU
		{00C70D5B-28CB-4476-957A-C422E277AE97}.Debug|x86.Build.0 = Debug|Any CPU
		{00C70D5B-28CB-4476-957A-C422E277AE97}.Release|Any CPU.ActiveCfg = Release|Any CPU
		{00C70D5B-28CB-4476-957A-C422E277AE97}.Release|Any CPU.Build.0 = Release|Any CPU
		{00C70D5B-28CB-4476-957A-C422E277AE97}.Release|x64.ActiveCfg = Release|Any CPU
		{00C70D5B-28CB-4476-957A-C422E277AE97}.Release|x64.Build.0 = Release|Any CPU
		{00C70D5B-28CB-4476-957A-C422E277AE97}.Release|x86.ActiveCfg = Release|Any CPU
		{00C70D5B-28CB-4476-957A-C422E277AE97}.Release|x86.Build.0 = Release|Any CPU
		{B7F7C5AE-B504-4006-9AAB-ED02EC77BAC5}.Debug|Any CPU.ActiveCfg = Debug|Any CPU
		{B7F7C5AE-B504-4006-9AAB-ED02EC77BAC5}.Debug|Any CPU.Build.0 = Debug|Any CPU
		{B7F7C5AE-B504-4006-9AAB-ED02EC77BAC5}.Debug|x64.ActiveCfg = Debug|Any CPU
		{B7F7C5AE-B504-4006-9AAB-ED02EC77BAC5}.Debug|x64.Build.0 = Debug|Any CPU
		{B7F7C5AE-B504-4006-9AAB-ED02EC77BAC5}.Debug|x86.ActiveCfg = Debug|Any CPU
		{B7F7C5AE-B504-4006-9AAB-ED02EC77BAC5}.Debug|x86.Build.0 = Debug|Any CPU
		{B7F7C5AE-B504-4006-9AAB-ED02EC77BAC5}.Release|Any CPU.ActiveCfg = Release|Any CPU
		{B7F7C5AE-B504-4006-9AAB-ED02EC77BAC5}.Release|Any CPU.Build.0 = Release|Any CPU
		{B7F7C5AE-B504-4006-9AAB-ED02EC77BAC5}.Release|x64.ActiveCfg = Release|Any CPU
		{B7F7C5AE-B504-4006-9AAB-ED02EC77BAC5}.Release|x64.Build.0 = Release|Any CPU
		{B7F7C5AE-B504-4006-9AAB-ED02EC77BAC5}.Release|x86.ActiveCfg = Release|Any CPU
		{B7F7C5AE-B504-4006-9AAB-ED02EC77BAC5}.Release|x86.Build.0 = Release|Any CPU
	EndGlobalSection
EndGlobal
